// !$*UTF8*$!
{
	archiveVersion = 1;
	classes = {
	};
	objectVersion = 56;
	objects = {

/* Begin PBXBuildFile section */
		42163D732B8FF3F200C7F7CD /* Canyon_TestApp.swift in Sources */ = {isa = PBXBuildFile; fileRef = 42163D722B8FF3F200C7F7CD /* Canyon_TestApp.swift */; };
		42163D752B8FF3F200C7F7CD /* ContentView.swift in Sources */ = {isa = PBXBuildFile; fileRef = 42163D742B8FF3F200C7F7CD /* ContentView.swift */; };
		42163D772B8FF3F300C7F7CD /* Assets.xcassets in Resources */ = {isa = PBXBuildFile; fileRef = 42163D762B8FF3F300C7F7CD /* Assets.xcassets */; };
		42163D7A2B8FF3F300C7F7CD /* Preview Assets.xcassets in Resources */ = {isa = PBXBuildFile; fileRef = 42163D792B8FF3F300C7F7CD /* Preview Assets.xcassets */; };
		42163D842B8FF3F400C7F7CD /* Canyon_TestTests.swift in Sources */ = {isa = PBXBuildFile; fileRef = 42163D832B8FF3F400C7F7CD /* Canyon_TestTests.swift */; };
		42163D8E2B8FF3F400C7F7CD /* Canyon_TestUITests.swift in Sources */ = {isa = PBXBuildFile; fileRef = 42163D8D2B8FF3F400C7F7CD /* Canyon_TestUITests.swift */; };
		42163D902B8FF3F400C7F7CD /* Canyon_TestUITestsLaunchTests.swift in Sources */ = {isa = PBXBuildFile; fileRef = 42163D8F2B8FF3F400C7F7CD /* Canyon_TestUITestsLaunchTests.swift */; };
		42163DA32B8FF41F00C7F7CD /* Messages.framework in Frameworks */ = {isa = PBXBuildFile; fileRef = 42163DA22B8FF41F00C7F7CD /* Messages.framework */; };
		42163DA62B8FF41F00C7F7CD /* MessagesViewController.swift in Sources */ = {isa = PBXBuildFile; fileRef = 42163DA52B8FF41F00C7F7CD /* MessagesViewController.swift */; };
		42163DA92B8FF41F00C7F7CD /* MainInterface.storyboard in Resources */ = {isa = PBXBuildFile; fileRef = 42163DA72B8FF41F00C7F7CD /* MainInterface.storyboard */; };
		42163DAB2B8FF42100C7F7CD /* Assets.xcassets in Resources */ = {isa = PBXBuildFile; fileRef = 42163DAA2B8FF42100C7F7CD /* Assets.xcassets */; };
		42163DAF2B8FF42100C7F7CD /* Canyon Extension Test.appex in Embed Foundation Extensions */ = {isa = PBXBuildFile; fileRef = 42163DA02B8FF41F00C7F7CD /* Canyon Extension Test.appex */; settings = {ATTRIBUTES = (RemoveHeadersOnCopy, ); }; };
		42A4B88D2B8FFE0A0031609C /* logo.png in Resources */ = {isa = PBXBuildFile; fileRef = 42A4B88C2B8FFE0A0031609C /* logo.png */; };
/* End PBXBuildFile section */

/* Begin PBXContainerItemProxy section */
		42163D802B8FF3F400C7F7CD /* PBXContainerItemProxy */ = {
			isa = PBXContainerItemProxy;
			containerPortal = 42163D672B8FF3F200C7F7CD /* Project object */;
			proxyType = 1;
			remoteGlobalIDString = 42163D6E2B8FF3F200C7F7CD;
			remoteInfo = "Canyon Test";
		};
		42163D8A2B8FF3F400C7F7CD /* PBXContainerItemProxy */ = {
			isa = PBXContainerItemProxy;
			containerPortal = 42163D672B8FF3F200C7F7CD /* Project object */;
			proxyType = 1;
			remoteGlobalIDString = 42163D6E2B8FF3F200C7F7CD;
			remoteInfo = "Canyon Test";
		};
		42163DAD2B8FF42100C7F7CD /* PBXContainerItemProxy */ = {
			isa = PBXContainerItemProxy;
			containerPortal = 42163D672B8FF3F200C7F7CD /* Project object */;
			proxyType = 1;
			remoteGlobalIDString = 42163D9F2B8FF41F00C7F7CD;
			remoteInfo = "Canyon Extension Test";
		};
/* End PBXContainerItemProxy section */

/* Begin PBXCopyFilesBuildPhase section */
		42163DB32B8FF42100C7F7CD /* Embed Foundation Extensions */ = {
			isa = PBXCopyFilesBuildPhase;
			buildActionMask = 2147483647;
			dstPath = "";
			dstSubfolderSpec = 13;
			files = (
				42163DAF2B8FF42100C7F7CD /* Canyon Extension Test.appex in Embed Foundation Extensions */,
			);
			name = "Embed Foundation Extensions";
			runOnlyForDeploymentPostprocessing = 0;
		};
/* End PBXCopyFilesBuildPhase section */

/* Begin PBXFileReference section */
		42163D6F2B8FF3F200C7F7CD /* Canyon Test.app */ = {isa = PBXFileReference; explicitFileType = wrapper.application; includeInIndex = 0; path = "Canyon Test.app"; sourceTree = BUILT_PRODUCTS_DIR; };
		42163D722B8FF3F200C7F7CD /* Canyon_TestApp.swift */ = {isa = PBXFileReference; lastKnownFileType = sourcecode.swift; path = Canyon_TestApp.swift; sourceTree = "<group>"; };
		42163D742B8FF3F200C7F7CD /* ContentView.swift */ = {isa = PBXFileReference; lastKnownFileType = sourcecode.swift; path = ContentView.swift; sourceTree = "<group>"; };
		42163D762B8FF3F300C7F7CD /* Assets.xcassets */ = {isa = PBXFileReference; lastKnownFileType = folder.assetcatalog; path = Assets.xcassets; sourceTree = "<group>"; };
		42163D792B8FF3F300C7F7CD /* Preview Assets.xcassets */ = {isa = PBXFileReference; lastKnownFileType = folder.assetcatalog; path = "Preview Assets.xcassets"; sourceTree = "<group>"; };
		42163D7F2B8FF3F400C7F7CD /* Canyon TestTests.xctest */ = {isa = PBXFileReference; explicitFileType = wrapper.cfbundle; includeInIndex = 0; path = "Canyon TestTests.xctest"; sourceTree = BUILT_PRODUCTS_DIR; };
		42163D832B8FF3F400C7F7CD /* Canyon_TestTests.swift */ = {isa = PBXFileReference; lastKnownFileType = sourcecode.swift; path = Canyon_TestTests.swift; sourceTree = "<group>"; };
		42163D892B8FF3F400C7F7CD /* Canyon TestUITests.xctest */ = {isa = PBXFileReference; explicitFileType = wrapper.cfbundle; includeInIndex = 0; path = "Canyon TestUITests.xctest"; sourceTree = BUILT_PRODUCTS_DIR; };
		42163D8D2B8FF3F400C7F7CD /* Canyon_TestUITests.swift */ = {isa = PBXFileReference; lastKnownFileType = sourcecode.swift; path = Canyon_TestUITests.swift; sourceTree = "<group>"; };
		42163D8F2B8FF3F400C7F7CD /* Canyon_TestUITestsLaunchTests.swift */ = {isa = PBXFileReference; lastKnownFileType = sourcecode.swift; path = Canyon_TestUITestsLaunchTests.swift; sourceTree = "<group>"; };
		42163DA02B8FF41F00C7F7CD /* Canyon Extension Test.appex */ = {isa = PBXFileReference; explicitFileType = "wrapper.app-extension"; includeInIndex = 0; path = "Canyon Extension Test.appex"; sourceTree = BUILT_PRODUCTS_DIR; };
		42163DA22B8FF41F00C7F7CD /* Messages.framework */ = {isa = PBXFileReference; lastKnownFileType = wrapper.framework; name = Messages.framework; path = System/Library/Frameworks/Messages.framework; sourceTree = SDKROOT; };
		42163DA52B8FF41F00C7F7CD /* MessagesViewController.swift */ = {isa = PBXFileReference; lastKnownFileType = sourcecode.swift; path = MessagesViewController.swift; sourceTree = "<group>"; };
		42163DA82B8FF41F00C7F7CD /* Base */ = {isa = PBXFileReference; lastKnownFileType = file.storyboard; name = Base; path = Base.lproj/MainInterface.storyboard; sourceTree = "<group>"; };
		42163DAA2B8FF42100C7F7CD /* Assets.xcassets */ = {isa = PBXFileReference; lastKnownFileType = folder.assetcatalog; path = Assets.xcassets; sourceTree = "<group>"; };
		42163DAC2B8FF42100C7F7CD /* Info.plist */ = {isa = PBXFileReference; lastKnownFileType = text.plist.xml; path = Info.plist; sourceTree = "<group>"; };
		42A4B88C2B8FFE0A0031609C /* logo.png */ = {isa = PBXFileReference; lastKnownFileType = image.png; name = logo.png; path = ../../../Downloads/logo.png; sourceTree = "<group>"; };
/* End PBXFileReference section */

/* Begin PBXFrameworksBuildPhase section */
		42163D6C2B8FF3F200C7F7CD /* Frameworks */ = {
			isa = PBXFrameworksBuildPhase;
			buildActionMask = 2147483647;
			files = (
			);
			runOnlyForDeploymentPostprocessing = 0;
		};
		42163D7C2B8FF3F400C7F7CD /* Frameworks */ = {
			isa = PBXFrameworksBuildPhase;
			buildActionMask = 2147483647;
			files = (
			);
			runOnlyForDeploymentPostprocessing = 0;
		};
		42163D862B8FF3F400C7F7CD /* Frameworks */ = {
			isa = PBXFrameworksBuildPhase;
			buildActionMask = 2147483647;
			files = (
			);
			runOnlyForDeploymentPostprocessing = 0;
		};
		42163D9D2B8FF41F00C7F7CD /* Frameworks */ = {
			isa = PBXFrameworksBuildPhase;
			buildActionMask = 2147483647;
			files = (
				42163DA32B8FF41F00C7F7CD /* Messages.framework in Frameworks */,
			);
			runOnlyForDeploymentPostprocessing = 0;
		};
/* End PBXFrameworksBuildPhase section */

/* Begin PBXGroup section */
		42163D662B8FF3F200C7F7CD = {
			isa = PBXGroup;
			children = (
				42163D712B8FF3F200C7F7CD /* Canyon Test */,
				42163D822B8FF3F400C7F7CD /* Canyon TestTests */,
				42163D8C2B8FF3F400C7F7CD /* Canyon TestUITests */,
				42163DA42B8FF41F00C7F7CD /* Canyon Extension Test */,
				42163DA12B8FF41F00C7F7CD /* Frameworks */,
				42163D702B8FF3F200C7F7CD /* Products */,
			);
			sourceTree = "<group>";
		};
		42163D702B8FF3F200C7F7CD /* Products */ = {
			isa = PBXGroup;
			children = (
				42163D6F2B8FF3F200C7F7CD /* Canyon Test.app */,
				42163D7F2B8FF3F400C7F7CD /* Canyon TestTests.xctest */,
				42163D892B8FF3F400C7F7CD /* Canyon TestUITests.xctest */,
				42163DA02B8FF41F00C7F7CD /* Canyon Extension Test.appex */,
			);
			name = Products;
			sourceTree = "<group>";
		};
		42163D712B8FF3F200C7F7CD /* Canyon Test */ = {
			isa = PBXGroup;
			children = (
				42163D722B8FF3F200C7F7CD /* Canyon_TestApp.swift */,
				42163D742B8FF3F200C7F7CD /* ContentView.swift */,
				42163D762B8FF3F300C7F7CD /* Assets.xcassets */,
				42163D782B8FF3F300C7F7CD /* Preview Content */,
			);
			path = "Canyon Test";
			sourceTree = "<group>";
		};
		42163D782B8FF3F300C7F7CD /* Preview Content */ = {
			isa = PBXGroup;
			children = (
				42163D792B8FF3F300C7F7CD /* Preview Assets.xcassets */,
			);
			path = "Preview Content";
			sourceTree = "<group>";
		};
		42163D822B8FF3F400C7F7CD /* Canyon TestTests */ = {
			isa = PBXGroup;
			children = (
				42163D832B8FF3F400C7F7CD /* Canyon_TestTests.swift */,
			);
			path = "Canyon TestTests";
			sourceTree = "<group>";
		};
		42163D8C2B8FF3F400C7F7CD /* Canyon TestUITests */ = {
			isa = PBXGroup;
			children = (
				42163D8D2B8FF3F400C7F7CD /* Canyon_TestUITests.swift */,
				42163D8F2B8FF3F400C7F7CD /* Canyon_TestUITestsLaunchTests.swift */,
			);
			path = "Canyon TestUITests";
			sourceTree = "<group>";
		};
		42163DA12B8FF41F00C7F7CD /* Frameworks */ = {
			isa = PBXGroup;
			children = (
				42163DA22B8FF41F00C7F7CD /* Messages.framework */,
			);
			name = Frameworks;
			sourceTree = "<group>";
		};
		42163DA42B8FF41F00C7F7CD /* Canyon Extension Test */ = {
			isa = PBXGroup;
			children = (
				42163DA52B8FF41F00C7F7CD /* MessagesViewController.swift */,
				42163DA72B8FF41F00C7F7CD /* MainInterface.storyboard */,
				42A4B88C2B8FFE0A0031609C /* logo.png */,
				42163DAA2B8FF42100C7F7CD /* Assets.xcassets */,
				42163DAC2B8FF42100C7F7CD /* Info.plist */,
			);
			path = "Canyon Extension Test";
			sourceTree = "<group>";
		};
/* End PBXGroup section */

/* Begin PBXNativeTarget section */
		42163D6E2B8FF3F200C7F7CD /* Canyon Test */ = {
			isa = PBXNativeTarget;
			buildConfigurationList = 42163D932B8FF3F400C7F7CD /* Build configuration list for PBXNativeTarget "Canyon Test" */;
			buildPhases = (
				42163D6B2B8FF3F200C7F7CD /* Sources */,
				42163D6C2B8FF3F200C7F7CD /* Frameworks */,
				42163D6D2B8FF3F200C7F7CD /* Resources */,
				42163DB32B8FF42100C7F7CD /* Embed Foundation Extensions */,
			);
			buildRules = (
			);
			dependencies = (
				42163DAE2B8FF42100C7F7CD /* PBXTargetDependency */,
			);
			name = "Canyon Test";
			productName = "Canyon Test";
			productReference = 42163D6F2B8FF3F200C7F7CD /* Canyon Test.app */;
			productType = "com.apple.product-type.application";
		};
		42163D7E2B8FF3F400C7F7CD /* Canyon TestTests */ = {
			isa = PBXNativeTarget;
			buildConfigurationList = 42163D962B8FF3F400C7F7CD /* Build configuration list for PBXNativeTarget "Canyon TestTests" */;
			buildPhases = (
				42163D7B2B8FF3F400C7F7CD /* Sources */,
				42163D7C2B8FF3F400C7F7CD /* Frameworks */,
				42163D7D2B8FF3F400C7F7CD /* Resources */,
			);
			buildRules = (
			);
			dependencies = (
				42163D812B8FF3F400C7F7CD /* PBXTargetDependency */,
			);
			name = "Canyon TestTests";
			productName = "Canyon TestTests";
			productReference = 42163D7F2B8FF3F400C7F7CD /* Canyon TestTests.xctest */;
			productType = "com.apple.product-type.bundle.unit-test";
		};
		42163D882B8FF3F400C7F7CD /* Canyon TestUITests */ = {
			isa = PBXNativeTarget;
			buildConfigurationList = 42163D992B8FF3F400C7F7CD /* Build configuration list for PBXNativeTarget "Canyon TestUITests" */;
			buildPhases = (
				42163D852B8FF3F400C7F7CD /* Sources */,
				42163D862B8FF3F400C7F7CD /* Frameworks */,
				42163D872B8FF3F400C7F7CD /* Resources */,
			);
			buildRules = (
			);
			dependencies = (
				42163D8B2B8FF3F400C7F7CD /* PBXTargetDependency */,
			);
			name = "Canyon TestUITests";
			productName = "Canyon TestUITests";
			productReference = 42163D892B8FF3F400C7F7CD /* Canyon TestUITests.xctest */;
			productType = "com.apple.product-type.bundle.ui-testing";
		};
		42163D9F2B8FF41F00C7F7CD /* Canyon Extension Test */ = {
			isa = PBXNativeTarget;
			buildConfigurationList = 42163DB02B8FF42100C7F7CD /* Build configuration list for PBXNativeTarget "Canyon Extension Test" */;
			buildPhases = (
				42163D9C2B8FF41F00C7F7CD /* Sources */,
				42163D9D2B8FF41F00C7F7CD /* Frameworks */,
				42163D9E2B8FF41F00C7F7CD /* Resources */,
			);
			buildRules = (
			);
			dependencies = (
			);
			name = "Canyon Extension Test";
			productName = "Canyon Extension Test";
			productReference = 42163DA02B8FF41F00C7F7CD /* Canyon Extension Test.appex */;
			productType = "com.apple.product-type.app-extension.messages";
		};
/* End PBXNativeTarget section */

/* Begin PBXProject section */
		42163D672B8FF3F200C7F7CD /* Project object */ = {
			isa = PBXProject;
			attributes = {
				BuildIndependentTargetsInParallel = 1;
				LastSwiftUpdateCheck = 1520;
				LastUpgradeCheck = 1520;
				TargetAttributes = {
					42163D6E2B8FF3F200C7F7CD = {
						CreatedOnToolsVersion = 15.2;
					};
					42163D7E2B8FF3F400C7F7CD = {
						CreatedOnToolsVersion = 15.2;
						TestTargetID = 42163D6E2B8FF3F200C7F7CD;
					};
					42163D882B8FF3F400C7F7CD = {
						CreatedOnToolsVersion = 15.2;
						TestTargetID = 42163D6E2B8FF3F200C7F7CD;
					};
					42163D9F2B8FF41F00C7F7CD = {
						CreatedOnToolsVersion = 15.2;
					};
				};
			};
			buildConfigurationList = 42163D6A2B8FF3F200C7F7CD /* Build configuration list for PBXProject "Canyon Test" */;
			compatibilityVersion = "Xcode 14.0";
			developmentRegion = en;
			hasScannedForEncodings = 0;
			knownRegions = (
				en,
				Base,
			);
			mainGroup = 42163D662B8FF3F200C7F7CD;
			productRefGroup = 42163D702B8FF3F200C7F7CD /* Products */;
			projectDirPath = "";
			projectRoot = "";
			targets = (
				42163D6E2B8FF3F200C7F7CD /* Canyon Test */,
				42163D7E2B8FF3F400C7F7CD /* Canyon TestTests */,
				42163D882B8FF3F400C7F7CD /* Canyon TestUITests */,
				42163D9F2B8FF41F00C7F7CD /* Canyon Extension Test */,
			);
		};
/* End PBXProject section */

/* Begin PBXResourcesBuildPhase section */
		42163D6D2B8FF3F200C7F7CD /* Resources */ = {
			isa = PBXResourcesBuildPhase;
			buildActionMask = 2147483647;
			files = (
				42163D7A2B8FF3F300C7F7CD /* Preview Assets.xcassets in Resources */,
				42163D772B8FF3F300C7F7CD /* Assets.xcassets in Resources */,
			);
			runOnlyForDeploymentPostprocessing = 0;
		};
		42163D7D2B8FF3F400C7F7CD /* Resources */ = {
			isa = PBXResourcesBuildPhase;
			buildActionMask = 2147483647;
			files = (
			);
			runOnlyForDeploymentPostprocessing = 0;
		};
		42163D872B8FF3F400C7F7CD /* Resources */ = {
			isa = PBXResourcesBuildPhase;
			buildActionMask = 2147483647;
			files = (
			);
			runOnlyForDeploymentPostprocessing = 0;
		};
		42163D9E2B8FF41F00C7F7CD /* Resources */ = {
			isa = PBXResourcesBuildPhase;
			buildActionMask = 2147483647;
			files = (
				42163DAB2B8FF42100C7F7CD /* Assets.xcassets in Resources */,
				42163DA92B8FF41F00C7F7CD /* MainInterface.storyboard in Resources */,
				42A4B88D2B8FFE0A0031609C /* logo.png in Resources */,
			);
			runOnlyForDeploymentPostprocessing = 0;
		};
/* End PBXResourcesBuildPhase section */

/* Begin PBXSourcesBuildPhase section */
		42163D6B2B8FF3F200C7F7CD /* Sources */ = {
			isa = PBXSourcesBuildPhase;
			buildActionMask = 2147483647;
			files = (
				42163D752B8FF3F200C7F7CD /* ContentView.swift in Sources */,
				42163D732B8FF3F200C7F7CD /* Canyon_TestApp.swift in Sources */,
			);
			runOnlyForDeploymentPostprocessing = 0;
		};
		42163D7B2B8FF3F400C7F7CD /* Sources */ = {
			isa = PBXSourcesBuildPhase;
			buildActionMask = 2147483647;
			files = (
				42163D842B8FF3F400C7F7CD /* Canyon_TestTests.swift in Sources */,
			);
			runOnlyForDeploymentPostprocessing = 0;
		};
		42163D852B8FF3F400C7F7CD /* Sources */ = {
			isa = PBXSourcesBuildPhase;
			buildActionMask = 2147483647;
			files = (
				42163D902B8FF3F400C7F7CD /* Canyon_TestUITestsLaunchTests.swift in Sources */,
				42163D8E2B8FF3F400C7F7CD /* Canyon_TestUITests.swift in Sources */,
			);
			runOnlyForDeploymentPostprocessing = 0;
		};
		42163D9C2B8FF41F00C7F7CD /* Sources */ = {
			isa = PBXSourcesBuildPhase;
			buildActionMask = 2147483647;
			files = (
				42163DA62B8FF41F00C7F7CD /* MessagesViewController.swift in Sources */,
			);
			runOnlyForDeploymentPostprocessing = 0;
		};
/* End PBXSourcesBuildPhase section */

/* Begin PBXTargetDependency section */
		42163D812B8FF3F400C7F7CD /* PBXTargetDependency */ = {
			isa = PBXTargetDependency;
			target = 42163D6E2B8FF3F200C7F7CD /* Canyon Test */;
			targetProxy = 42163D802B8FF3F400C7F7CD /* PBXContainerItemProxy */;
		};
		42163D8B2B8FF3F400C7F7CD /* PBXTargetDependency */ = {
			isa = PBXTargetDependency;
			target = 42163D6E2B8FF3F200C7F7CD /* Canyon Test */;
			targetProxy = 42163D8A2B8FF3F400C7F7CD /* PBXContainerItemProxy */;
		};
		42163DAE2B8FF42100C7F7CD /* PBXTargetDependency */ = {
			isa = PBXTargetDependency;
			target = 42163D9F2B8FF41F00C7F7CD /* Canyon Extension Test */;
			targetProxy = 42163DAD2B8FF42100C7F7CD /* PBXContainerItemProxy */;
		};
/* End PBXTargetDependency section */

/* Begin PBXVariantGroup section */
		42163DA72B8FF41F00C7F7CD /* MainInterface.storyboard */ = {
			isa = PBXVariantGroup;
			children = (
				42163DA82B8FF41F00C7F7CD /* Base */,
			);
			name = MainInterface.storyboard;
			sourceTree = "<group>";
		};
/* End PBXVariantGroup section */

/* Begin XCBuildConfiguration section */
		42163D912B8FF3F400C7F7CD /* Debug */ = {
			isa = XCBuildConfiguration;
			buildSettings = {
				ALWAYS_SEARCH_USER_PATHS = NO;
				ASSETCATALOG_COMPILER_GENERATE_SWIFT_ASSET_SYMBOL_EXTENSIONS = YES;
				CLANG_ANALYZER_NONNULL = YES;
				CLANG_ANALYZER_NUMBER_OBJECT_CONVERSION = YES_AGGRESSIVE;
				CLANG_CXX_LANGUAGE_STANDARD = "gnu++20";
				CLANG_ENABLE_MODULES = YES;
				CLANG_ENABLE_OBJC_ARC = YES;
				CLANG_ENABLE_OBJC_WEAK = YES;
				CLANG_WARN_BLOCK_CAPTURE_AUTORELEASING = YES;
				CLANG_WARN_BOOL_CONVERSION = YES;
				CLANG_WARN_COMMA = YES;
				CLANG_WARN_CONSTANT_CONVERSION = YES;
				CLANG_WARN_DEPRECATED_OBJC_IMPLEMENTATIONS = YES;
				CLANG_WARN_DIRECT_OBJC_ISA_USAGE = YES_ERROR;
				CLANG_WARN_DOCUMENTATION_COMMENTS = YES;
				CLANG_WARN_EMPTY_BODY = YES;
				CLANG_WARN_ENUM_CONVERSION = YES;
				CLANG_WARN_INFINITE_RECURSION = YES;
				CLANG_WARN_INT_CONVERSION = YES;
				CLANG_WARN_NON_LITERAL_NULL_CONVERSION = YES;
				CLANG_WARN_OBJC_IMPLICIT_RETAIN_SELF = YES;
				CLANG_WARN_OBJC_LITERAL_CONVERSION = YES;
				CLANG_WARN_OBJC_ROOT_CLASS = YES_ERROR;
				CLANG_WARN_QUOTED_INCLUDE_IN_FRAMEWORK_HEADER = YES;
				CLANG_WARN_RANGE_LOOP_ANALYSIS = YES;
				CLANG_WARN_STRICT_PROTOTYPES = YES;
				CLANG_WARN_SUSPICIOUS_MOVE = YES;
				CLANG_WARN_UNGUARDED_AVAILABILITY = YES_AGGRESSIVE;
				CLANG_WARN_UNREACHABLE_CODE = YES;
				CLANG_WARN__DUPLICATE_METHOD_MATCH = YES;
				COPY_PHASE_STRIP = NO;
				DEBUG_INFORMATION_FORMAT = dwarf;
				ENABLE_STRICT_OBJC_MSGSEND = YES;
				ENABLE_TESTABILITY = YES;
				ENABLE_USER_SCRIPT_SANDBOXING = YES;
				GCC_C_LANGUAGE_STANDARD = gnu17;
				GCC_DYNAMIC_NO_PIC = NO;
				GCC_NO_COMMON_BLOCKS = YES;
				GCC_OPTIMIZATION_LEVEL = 0;
				GCC_PREPROCESSOR_DEFINITIONS = (
					"DEBUG=1",
					"$(inherited)",
				);
				GCC_WARN_64_TO_32_BIT_CONVERSION = YES;
				GCC_WARN_ABOUT_RETURN_TYPE = YES_ERROR;
				GCC_WARN_UNDECLARED_SELECTOR = YES;
				GCC_WARN_UNINITIALIZED_AUTOS = YES_AGGRESSIVE;
				GCC_WARN_UNUSED_FUNCTION = YES;
				GCC_WARN_UNUSED_VARIABLE = YES;
				IPHONEOS_DEPLOYMENT_TARGET = 17.2;
				LOCALIZATION_PREFERS_STRING_CATALOGS = YES;
				MTL_ENABLE_DEBUG_INFO = INCLUDE_SOURCE;
				MTL_FAST_MATH = YES;
				ONLY_ACTIVE_ARCH = YES;
				SDKROOT = iphoneos;
				SWIFT_ACTIVE_COMPILATION_CONDITIONS = "DEBUG $(inherited)";
				SWIFT_OPTIMIZATION_LEVEL = "-Onone";
			};
			name = Debug;
		};
		42163D922B8FF3F400C7F7CD /* Release */ = {
			isa = XCBuildConfiguration;
			buildSettings = {
				ALWAYS_SEARCH_USER_PATHS = NO;
				ASSETCATALOG_COMPILER_GENERATE_SWIFT_ASSET_SYMBOL_EXTENSIONS = YES;
				CLANG_ANALYZER_NONNULL = YES;
				CLANG_ANALYZER_NUMBER_OBJECT_CONVERSION = YES_AGGRESSIVE;
				CLANG_CXX_LANGUAGE_STANDARD = "gnu++20";
				CLANG_ENABLE_MODULES = YES;
				CLANG_ENABLE_OBJC_ARC = YES;
				CLANG_ENABLE_OBJC_WEAK = YES;
				CLANG_WARN_BLOCK_CAPTURE_AUTORELEASING = YES;
				CLANG_WARN_BOOL_CONVERSION = YES;
				CLANG_WARN_COMMA = YES;
				CLANG_WARN_CONSTANT_CONVERSION = YES;
				CLANG_WARN_DEPRECATED_OBJC_IMPLEMENTATIONS = YES;
				CLANG_WARN_DIRECT_OBJC_ISA_USAGE = YES_ERROR;
				CLANG_WARN_DOCUMENTATION_COMMENTS = YES;
				CLANG_WARN_EMPTY_BODY = YES;
				CLANG_WARN_ENUM_CONVERSION = YES;
				CLANG_WARN_INFINITE_RECURSION = YES;
				CLANG_WARN_INT_CONVERSION = YES;
				CLANG_WARN_NON_LITERAL_NULL_CONVERSION = YES;
				CLANG_WARN_OBJC_IMPLICIT_RETAIN_SELF = YES;
				CLANG_WARN_OBJC_LITERAL_CONVERSION = YES;
				CLANG_WARN_OBJC_ROOT_CLASS = YES_ERROR;
				CLANG_WARN_QUOTED_INCLUDE_IN_FRAMEWORK_HEADER = YES;
				CLANG_WARN_RANGE_LOOP_ANALYSIS = YES;
				CLANG_WARN_STRICT_PROTOTYPES = YES;
				CLANG_WARN_SUSPICIOUS_MOVE = YES;
				CLANG_WARN_UNGUARDED_AVAILABILITY = YES_AGGRESSIVE;
				CLANG_WARN_UNREACHABLE_CODE = YES;
				CLANG_WARN__DUPLICATE_METHOD_MATCH = YES;
				COPY_PHASE_STRIP = NO;
				DEBUG_INFORMATION_FORMAT = "dwarf-with-dsym";
				ENABLE_NS_ASSERTIONS = NO;
				ENABLE_STRICT_OBJC_MSGSEND = YES;
				ENABLE_USER_SCRIPT_SANDBOXING = YES;
				GCC_C_LANGUAGE_STANDARD = gnu17;
				GCC_NO_COMMON_BLOCKS = YES;
				GCC_WARN_64_TO_32_BIT_CONVERSION = YES;
				GCC_WARN_ABOUT_RETURN_TYPE = YES_ERROR;
				GCC_WARN_UNDECLARED_SELECTOR = YES;
				GCC_WARN_UNINITIALIZED_AUTOS = YES_AGGRESSIVE;
				GCC_WARN_UNUSED_FUNCTION = YES;
				GCC_WARN_UNUSED_VARIABLE = YES;
				IPHONEOS_DEPLOYMENT_TARGET = 17.2;
				LOCALIZATION_PREFERS_STRING_CATALOGS = YES;
				MTL_ENABLE_DEBUG_INFO = NO;
				MTL_FAST_MATH = YES;
				SDKROOT = iphoneos;
				SWIFT_COMPILATION_MODE = wholemodule;
				VALIDATE_PRODUCT = YES;
			};
			name = Release;
		};
		42163D942B8FF3F400C7F7CD /* Debug */ = {
			isa = XCBuildConfiguration;
			buildSettings = {
				ALWAYS_EMBED_SWIFT_STANDARD_LIBRARIES = YES;
				ASSETCATALOG_COMPILER_APPICON_NAME = AppIcon;
				ASSETCATALOG_COMPILER_GLOBAL_ACCENT_COLOR_NAME = AccentColor;
				CODE_SIGN_STYLE = Automatic;
				CURRENT_PROJECT_VERSION = 1;
				DEVELOPMENT_ASSET_PATHS = "\"Canyon Test/Preview Content\"";
				DEVELOPMENT_TEAM = 637C738Q7Q;
				ENABLE_PREVIEWS = YES;
				GENERATE_INFOPLIST_FILE = YES;
				INFOPLIST_KEY_UIApplicationSceneManifest_Generation = YES;
				INFOPLIST_KEY_UIApplicationSupportsIndirectInputEvents = YES;
				INFOPLIST_KEY_UILaunchScreen_Generation = YES;
				INFOPLIST_KEY_UISupportedInterfaceOrientations_iPad = "UIInterfaceOrientationPortrait UIInterfaceOrientationPortraitUpsideDown UIInterfaceOrientationLandscapeLeft UIInterfaceOrientationLandscapeRight";
				INFOPLIST_KEY_UISupportedInterfaceOrientations_iPhone = "UIInterfaceOrientationPortrait UIInterfaceOrientationLandscapeLeft UIInterfaceOrientationLandscapeRight";
				LD_RUNPATH_SEARCH_PATHS = (
					"$(inherited)",
					"@executable_path/Frameworks",
				);
				MARKETING_VERSION = 1.0;
				PRODUCT_BUNDLE_IDENTIFIER = "Canyoneers.Canyon-Test";
				PRODUCT_NAME = "$(TARGET_NAME)";
				SWIFT_EMIT_LOC_STRINGS = YES;
				SWIFT_VERSION = 5.0;
				TARGETED_DEVICE_FAMILY = "1,2";
			};
			name = Debug;
		};
		42163D952B8FF3F400C7F7CD /* Release */ = {
			isa = XCBuildConfiguration;
			buildSettings = {
				ALWAYS_EMBED_SWIFT_STANDARD_LIBRARIES = YES;
				ASSETCATALOG_COMPILER_APPICON_NAME = AppIcon;
				ASSETCATALOG_COMPILER_GLOBAL_ACCENT_COLOR_NAME = AccentColor;
				CODE_SIGN_STYLE = Automatic;
				CURRENT_PROJECT_VERSION = 1;
				DEVELOPMENT_ASSET_PATHS = "\"Canyon Test/Preview Content\"";
				DEVELOPMENT_TEAM = 637C738Q7Q;
				ENABLE_PREVIEWS = YES;
				GENERATE_INFOPLIST_FILE = YES;
				INFOPLIST_KEY_UIApplicationSceneManifest_Generation = YES;
				INFOPLIST_KEY_UIApplicationSupportsIndirectInputEvents = YES;
				INFOPLIST_KEY_UILaunchScreen_Generation = YES;
				INFOPLIST_KEY_UISupportedInterfaceOrientations_iPad = "UIInterfaceOrientationPortrait UIInterfaceOrientationPortraitUpsideDown UIInterfaceOrientationLandscapeLeft UIInterfaceOrientationLandscapeRight";
				INFOPLIST_KEY_UISupportedInterfaceOrientations_iPhone = "UIInterfaceOrientationPortrait UIInterfaceOrientationLandscapeLeft UIInterfaceOrientationLandscapeRight";
				LD_RUNPATH_SEARCH_PATHS = (
					"$(inherited)",
					"@executable_path/Frameworks",
				);
				MARKETING_VERSION = 1.0;
				PRODUCT_BUNDLE_IDENTIFIER = "Canyoneers.Canyon-Test";
				PRODUCT_NAME = "$(TARGET_NAME)";
				SWIFT_EMIT_LOC_STRINGS = YES;
				SWIFT_VERSION = 5.0;
				TARGETED_DEVICE_FAMILY = "1,2";
			};
			name = Release;
		};
		42163D972B8FF3F400C7F7CD /* Debug */ = {
			isa = XCBuildConfiguration;
			buildSettings = {
				ALWAYS_EMBED_SWIFT_STANDARD_LIBRARIES = YES;
				BUNDLE_LOADER = "$(TEST_HOST)";
				CODE_SIGN_STYLE = Automatic;
				CURRENT_PROJECT_VERSION = 1;
				DEVELOPMENT_TEAM = 637C738Q7Q;
				GENERATE_INFOPLIST_FILE = YES;
				IPHONEOS_DEPLOYMENT_TARGET = 17.2;
				MARKETING_VERSION = 1.0;
				PRODUCT_BUNDLE_IDENTIFIER = "Canyoneers.Canyon-TestTests";
				PRODUCT_NAME = "$(TARGET_NAME)";
				SWIFT_EMIT_LOC_STRINGS = NO;
				SWIFT_VERSION = 5.0;
				TARGETED_DEVICE_FAMILY = "1,2";
				TEST_HOST = "$(BUILT_PRODUCTS_DIR)/Canyon Test.app/$(BUNDLE_EXECUTABLE_FOLDER_PATH)/Canyon Test";
			};
			name = Debug;
		};
		42163D982B8FF3F400C7F7CD /* Release */ = {
			isa = XCBuildConfiguration;
			buildSettings = {
				ALWAYS_EMBED_SWIFT_STANDARD_LIBRARIES = YES;
				BUNDLE_LOADER = "$(TEST_HOST)";
				CODE_SIGN_STYLE = Automatic;
				CURRENT_PROJECT_VERSION = 1;
				DEVELOPMENT_TEAM = 637C738Q7Q;
				GENERATE_INFOPLIST_FILE = YES;
				IPHONEOS_DEPLOYMENT_TARGET = 17.2;
				MARKETING_VERSION = 1.0;
				PRODUCT_BUNDLE_IDENTIFIER = "Canyoneers.Canyon-TestTests";
				PRODUCT_NAME = "$(TARGET_NAME)";
				SWIFT_EMIT_LOC_STRINGS = NO;
				SWIFT_VERSION = 5.0;
				TARGETED_DEVICE_FAMILY = "1,2";
				TEST_HOST = "$(BUILT_PRODUCTS_DIR)/Canyon Test.app/$(BUNDLE_EXECUTABLE_FOLDER_PATH)/Canyon Test";
			};
			name = Release;
		};
		42163D9A2B8FF3F400C7F7CD /* Debug */ = {
			isa = XCBuildConfiguration;
			buildSettings = {
				ALWAYS_EMBED_SWIFT_STANDARD_LIBRARIES = YES;
				CODE_SIGN_STYLE = Automatic;
				CURRENT_PROJECT_VERSION = 1;
				DEVELOPMENT_TEAM = 637C738Q7Q;
				GENERATE_INFOPLIST_FILE = YES;
				MARKETING_VERSION = 1.0;
				PRODUCT_BUNDLE_IDENTIFIER = "Canyoneers.Canyon-TestUITests";
				PRODUCT_NAME = "$(TARGET_NAME)";
				SWIFT_EMIT_LOC_STRINGS = NO;
				SWIFT_VERSION = 5.0;
				TARGETED_DEVICE_FAMILY = "1,2";
				TEST_TARGET_NAME = "Canyon Test";
			};
			name = Debug;
		};
		42163D9B2B8FF3F400C7F7CD /* Release */ = {
			isa = XCBuildConfiguration;
			buildSettings = {
				ALWAYS_EMBED_SWIFT_STANDARD_LIBRARIES = YES;
				CODE_SIGN_STYLE = Automatic;
				CURRENT_PROJECT_VERSION = 1;
				DEVELOPMENT_TEAM = 637C738Q7Q;
				GENERATE_INFOPLIST_FILE = YES;
				MARKETING_VERSION = 1.0;
				PRODUCT_BUNDLE_IDENTIFIER = "Canyoneers.Canyon-TestUITests";
				PRODUCT_NAME = "$(TARGET_NAME)";
				SWIFT_EMIT_LOC_STRINGS = NO;
				SWIFT_VERSION = 5.0;
				TARGETED_DEVICE_FAMILY = "1,2";
				TEST_TARGET_NAME = "Canyon Test";
			};
			name = Release;
		};
		42163DB12B8FF42100C7F7CD /* Debug */ = {
			isa = XCBuildConfiguration;
			buildSettings = {
				ASSETCATALOG_COMPILER_APPICON_NAME = "iMessage App Icon";
				CODE_SIGN_STYLE = Automatic;
				CURRENT_PROJECT_VERSION = 1;
				DEVELOPMENT_TEAM = 637C738Q7Q;
				GENERATE_INFOPLIST_FILE = YES;
				INFOPLIST_FILE = "Canyon Extension Test/Info.plist";
				INFOPLIST_KEY_CFBundleDisplayName = "Canyon Extension Test";
				INFOPLIST_KEY_NSHumanReadableCopyright = "";
				LD_RUNPATH_SEARCH_PATHS = (
					"$(inherited)",
					"@executable_path/Frameworks",
					"@executable_path/../../Frameworks",
				);
				MARKETING_VERSION = 1.0;
				PRODUCT_BUNDLE_IDENTIFIER = "Canyoneers.Canyon-Test.Canyon-Extension-Test";
				PRODUCT_NAME = "$(TARGET_NAME)";
				SKIP_INSTALL = YES;
				SWIFT_EMIT_LOC_STRINGS = YES;
				SWIFT_VERSION = 5.0;
				TARGETED_DEVICE_FAMILY = "1,2";
			};
			name = Debug;
		};
		42163DB22B8FF42100C7F7CD /* Release */ = {
			isa = XCBuildConfiguration;
			buildSettings = {
				ASSETCATALOG_COMPILER_APPICON_NAME = "iMessage App Icon";
				CODE_SIGN_STYLE = Automatic;
				CURRENT_PROJECT_VERSION = 1;
				DEVELOPMENT_TEAM = 637C738Q7Q;
				GENERATE_INFOPLIST_FILE = YES;
				INFOPLIST_FILE = "Canyon Extension Test/Info.plist";
				INFOPLIST_KEY_CFBundleDisplayName = "Canyon Extension Test";
				INFOPLIST_KEY_NSHumanReadableCopyright = "";
				LD_RUNPATH_SEARCH_PATHS = (
					"$(inherited)",
					"@executable_path/Frameworks",
					"@executable_path/../../Frameworks",
				);
				MARKETING_VERSION = 1.0;
				PRODUCT_BUNDLE_IDENTIFIER = "Canyoneers.Canyon-Test.Canyon-Extension-Test";
				PRODUCT_NAME = "$(TARGET_NAME)";
				SKIP_INSTALL = YES;
				SWIFT_EMIT_LOC_STRINGS = YES;
				SWIFT_VERSION = 5.0;
				TARGETED_DEVICE_FAMILY = "1,2";
			};
			name = Release;
		};
/* End XCBuildConfiguration section */

/* Begin XCConfigurationList section */
		42163D6A2B8FF3F200C7F7CD /* Build configuration list for PBXProject "Canyon Test" */ = {
			isa = XCConfigurationList;
			buildConfigurations = (
				42163D912B8FF3F400C7F7CD /* Debug */,
				42163D922B8FF3F400C7F7CD /* Release */,
			);
			defaultConfigurationIsVisible = 0;
			defaultConfigurationName = Release;
		};
		42163D932B8FF3F400C7F7CD /* Build configuration list for PBXNativeTarget "Canyon Test" */ = {
			isa = XCConfigurationList;
			buildConfigurations = (
				42163D942B8FF3F400C7F7CD /* Debug */,
				42163D952B8FF3F400C7F7CD /* Release */,
			);
			defaultConfigurationIsVisible = 0;
			defaultConfigurationName = Release;
		};
		42163D962B8FF3F400C7F7CD /* Build configuration list for PBXNativeTarget "Canyon TestTests" */ = {
			isa = XCConfigurationList;
			buildConfigurations = (
				42163D972B8FF3F400C7F7CD /* Debug */,
				42163D982B8FF3F400C7F7CD /* Release */,
			);
			defaultConfigurationIsVisible = 0;
			defaultConfigurationName = Release;
		};
		42163D992B8FF3F400C7F7CD /* Build configuration list for PBXNativeTarget "Canyon TestUITests" */ = {
			isa = XCConfigurationList;
			buildConfigurations = (
				42163D9A2B8FF3F400C7F7CD /* Debug */,
				42163D9B2B8FF3F400C7F7CD /* Release */,
			);
			defaultConfigurationIsVisible = 0;
			defaultConfigurationName = Release;
		};
		42163DB02B8FF42100C7F7CD /* Build configuration list for PBXNativeTarget "Canyon Extension Test" */ = {
			isa = XCConfigurationList;
			buildConfigurations = (
				42163DB12B8FF42100C7F7CD /* Debug */,
				42163DB22B8FF42100C7F7CD /* Release */,
			);
			defaultConfigurationIsVisible = 0;
			defaultConfigurationName = Release;
		};
/* End XCConfigurationList section */
	};
	rootObject = 42163D672B8FF3F200C7F7CD /* Project object */;
}
